# This file is automatically @generated by Cargo.
# It is not intended for manual editing.
version = 3

[[package]]
name = "bytemuck"
version = "1.19.0"
source = "registry+https://github.com/rust-lang/crates.io-index"
checksum = "8334215b81e418a0a7bdb8ef0849474f40bb10c8b71f1c4ed315cff49f32494d"

[[package]]
name = "five8_const"
version = "0.1.3"
source = "registry+https://github.com/rust-lang/crates.io-index"
checksum = "72b4f62f0f8ca357f93ae90c8c2dd1041a1f665fde2f889ea9b1787903829015"
dependencies = [
 "five8_core",
]

[[package]]
name = "five8_core"
version = "0.1.1"
source = "registry+https://github.com/rust-lang/crates.io-index"
checksum = "94474d15a76982be62ca8a39570dccce148d98c238ebb7408b0a21b2c4bdddc4"

[[package]]
name = "fundraiser"
version = "0.1.0"
dependencies = [
 "bytemuck",
 "five8_const",
 "pinocchio",
 "pinocchio-system",
 "pinocchio-token",
]

[[package]]
name = "pinocchio"
version = "0.6.0"
source = "git+https://github.com/L0STE/pinocchio/?branch=spl-token#292c91495df61e2d76e9583a450cc0d8969a1161"

[[package]]
name = "pinocchio-pubkey"
version = "0.2.1"
source = "git+https://github.com/L0STE/pinocchio/?branch=spl-token#292c91495df61e2d76e9583a450cc0d8969a1161"
dependencies = [
 "five8_const",
 "pinocchio",
]

[[package]]
name = "pinocchio-system"
version = "0.2.0"
source = "git+https://github.com/L0STE/pinocchio/?branch=spl-token#292c91495df61e2d76e9583a450cc0d8969a1161"
dependencies = [
 "pinocchio",
 "pinocchio-pubkey",
]

[[package]]
name = "pinocchio-token"
version = "0.1.0"
source = "git+https://github.com/L0STE/pinocchio/?branch=spl-token#292c91495df61e2d76e9583a450cc0d8969a1161"
dependencies = [
 "pinocchio",
 "pinocchio-pubkey",
]
